
Microsoft Visual Studio Solution File, Format Version 12.00
# Visual Studio Version 17
VisualStudioVersion = 17.7.34003.232
MinimumVisualStudioVersion = 10.0.40219.1
Project("{FAE04EC0-301F-11D3-BF4B-00C04F79EFBC}") = "AngularApi", "AngularApi.csproj", "{1C97C7BC-81D1-4BF2-BAA0-B32758752413}"
EndProject
Project("{FAE04EC0-301F-11D3-BF4B-00C04F79EFBC}") = "api.models", "..\api.models\api.models.csproj", "{99D01B9C-BC7C-4A19-9BAA-87717939206A}"
EndProject
Project("{FAE04EC0-301F-11D3-BF4B-00C04F79EFBC}") = "api.services", "..\api.services\api.services.csproj", "{6245AAA3-FAD5-495D-A4AA-8B3E59AE6695}"
EndProject
Global
	GlobalSection(SolutionConfigurationPlatforms) = preSolution
		Debug|Any CPU = Debug|Any CPU
		Release|Any CPU = Release|Any CPU
	EndGlobalSection
	GlobalSection(ProjectConfigurationPlatforms) = postSolution
		{1C97C7BC-81D1-4BF2-BAA0-B32758752413}.Debug|Any CPU.ActiveCfg = Debug|Any CPU
		{1C97C7BC-81D1-4BF2-BAA0-B32758752413}.Debug|Any CPU.Build.0 = Debug|Any CPU
		{1C97C7BC-81D1-4BF2-BAA0-B32758752413}.Release|Any CPU.ActiveCfg = Release|Any CPU
		{1C97C7BC-81D1-4BF2-BAA0-B32758752413}.Release|Any CPU.Build.0 = Release|Any CPU
		{99D01B9C-BC7C-4A19-9BAA-87717939206A}.Debug|Any CPU.ActiveCfg = Debug|Any CPU
		{99D01B9C-BC7C-4A19-9BAA-87717939206A}.Debug|Any CPU.Build.0 = Debug|Any CPU
		{99D01B9C-BC7C-4A19-9BAA-87717939206A}.Release|Any CPU.ActiveCfg = Release|Any CPU
		{99D01B9C-BC7C-4A19-9BAA-87717939206A}.Release|Any CPU.Build.0 = Release|Any CPU
		{6245AAA3-FAD5-495D-A4AA-8B3E59AE6695}.Debug|Any CPU.ActiveCfg = Debug|Any CPU
		{6245AAA3-FAD5-495D-A4AA-8B3E59AE6695}.Debug|Any CPU.Build.0 = Debug|Any CPU
		{6245AAA3-FAD5-495D-A4AA-8B3E59AE6695}.Release|Any CPU.ActiveCfg = Release|Any CPU
		{6245AAA3-FAD5-495D-A4AA-8B3E59AE6695}.Release|Any CPU.Build.0 = Release|Any CPU
	EndGlobalSection
	GlobalSection(SolutionProperties) = preSolution
		HideSolutionNode = FALSE
	EndGlobalSection
	GlobalSection(ExtensibilityGlobals) = postSolution
		SolutionGuid = {4B39E87C-489E-44F4-BDE7-5F9804A3D93F}
	EndGlobalSection
EndGlobal
